
Microsoft Visual Studio Solution File, Format Version 12.00
# Visual Studio Version 17
VisualStudioVersion = 17.3.32922.545
MinimumVisualStudioVersion = 10.0.40219.1
Project("{FAE04EC0-301F-11D3-BF4B-00C04F79EFBC}") = "ADOLESS2", "ADOLESS2\ADOLESS2.csproj", "{C7EC5513-CE58-43CE-B18D-49190614891E}"
EndProject
Project("{FAE04EC0-301F-11D3-BF4B-00C04F79EFBC}") = "WindowsFormswithADO", "WindowsFormswithADO\WindowsFormswithADO.csproj", "{83A5C4F9-A665-42D1-B92E-0DF638E20E98}"
EndProject
Project("{FAE04EC0-301F-11D3-BF4B-00C04F79EFBC}") = "ConsoleAppConnectSQL", "ConsoleAppConnectSQL\ConsoleAppConnectSQL.csproj", "{410852F3-C804-4461-9965-3D443BCBA437}"
EndProject
Global
	GlobalSection(SolutionConfigurationPlatforms) = preSolution
		Debug|Any CPU = Debug|Any CPU
		Release|Any CPU = Release|Any CPU
	EndGlobalSection
	GlobalSection(ProjectConfigurationPlatforms) = postSolution
		{C7EC5513-CE58-43CE-B18D-49190614891E}.Debug|Any CPU.ActiveCfg = Debug|Any CPU
		{C7EC5513-CE58-43CE-B18D-49190614891E}.Debug|Any CPU.Build.0 = Debug|Any CPU
		{C7EC5513-CE58-43CE-B18D-49190614891E}.Release|Any CPU.ActiveCfg = Release|Any CPU
		{C7EC5513-CE58-43CE-B18D-49190614891E}.Release|Any CPU.Build.0 = Release|Any CPU
		{83A5C4F9-A665-42D1-B92E-0DF638E20E98}.Debug|Any CPU.ActiveCfg = Debug|Any CPU
		{83A5C4F9-A665-42D1-B92E-0DF638E20E98}.Debug|Any CPU.Build.0 = Debug|Any CPU
		{83A5C4F9-A665-42D1-B92E-0DF638E20E98}.Release|Any CPU.ActiveCfg = Release|Any CPU
		{83A5C4F9-A665-42D1-B92E-0DF638E20E98}.Release|Any CPU.Build.0 = Release|Any CPU
		{410852F3-C804-4461-9965-3D443BCBA437}.Debug|Any CPU.ActiveCfg = Debug|Any CPU
		{410852F3-C804-4461-9965-3D443BCBA437}.Debug|Any CPU.Build.0 = Debug|Any CPU
		{410852F3-C804-4461-9965-3D443BCBA437}.Release|Any CPU.ActiveCfg = Release|Any CPU
		{410852F3-C804-4461-9965-3D443BCBA437}.Release|Any CPU.Build.0 = Release|Any CPU
	EndGlobalSection
	GlobalSection(SolutionProperties) = preSolution
		HideSolutionNode = FALSE
	EndGlobalSection
	GlobalSection(ExtensibilityGlobals) = postSolution
		SolutionGuid = {6A81FC08-FA52-462B-8B08-2519E1B2BF4A}
	EndGlobalSection
EndGlobal
